
Microsoft Visual Studio Solution File, Format Version 12.00
# Visual Studio 14
VisualStudioVersion = 14.0.25420.1
MinimumVisualStudioVersion = 10.0.40219.1
Project("{FAE04EC0-301F-11D3-BF4B-00C04F79EFBC}") = "WebServer", "WebServer\WebServer.csproj", "{C7CE09DB-3D38-4237-B6DD-86F058E8490A}"
EndProject
Project("{FAE04EC0-301F-11D3-BF4B-00C04F79EFBC}") = "HTTPServer2", "HTTPServer2\HTTPServer2.csproj", "{9CAB8681-A8A4-449C-B218-E9D005961AFC}"
EndProject
Global
	GlobalSection(SolutionConfigurationPlatforms) = preSolution
		Debug|Any CPU = Debug|Any CPU
		Release|Any CPU = Release|Any CPU
	EndGlobalSection
	GlobalSection(ProjectConfigurationPlatforms) = postSolution
		{C7CE09DB-3D38-4237-B6DD-86F058E8490A}.Debug|Any CPU.ActiveCfg = Debug|Any CPU
		{C7CE09DB-3D38-4237-B6DD-86F058E8490A}.Debug|Any CPU.Build.0 = Debug|Any CPU
		{C7CE09DB-3D38-4237-B6DD-86F058E8490A}.Release|Any CPU.ActiveCfg = Release|Any CPU
		{C7CE09DB-3D38-4237-B6DD-86F058E8490A}.Release|Any CPU.Build.0 = Release|Any CPU
		{9CAB8681-A8A4-449C-B218-E9D005961AFC}.Debug|Any CPU.ActiveCfg = Debug|Any CPU
		{9CAB8681-A8A4-449C-B218-E9D005961AFC}.Debug|Any CPU.Build.0 = Debug|Any CPU
		{9CAB8681-A8A4-449C-B218-E9D005961AFC}.Release|Any CPU.ActiveCfg = Release|Any CPU
		{9CAB8681-A8A4-449C-B218-E9D005961AFC}.Release|Any CPU.Build.0 = Release|Any CPU
	EndGlobalSection
	GlobalSection(SolutionProperties) = preSolution
		HideSolutionNode = FALSE
	EndGlobalSection
EndGlobal
